
Microsoft Visual Studio Solution File, Format Version 12.00
# Visual Studio Version 17
VisualStudioVersion = 17.7.34031.279
MinimumVisualStudioVersion = 10.0.40219.1
Project("{FAE04EC0-301F-11D3-BF4B-00C04F79EFBC}") = "quap", "quap\quap.csproj", "{42E9EDD4-4A91-4705-B259-67557CFD813A}"
EndProject
Global
	GlobalSection(SolutionConfigurationPlatforms) = preSolution
		Debug|Any CPU = Debug|Any CPU
		Release|Any CPU = Release|Any CPU
	EndGlobalSection
	GlobalSection(ProjectConfigurationPlatforms) = postSolution
		{42E9EDD4-4A91-4705-B259-67557CFD813A}.Debug|Any CPU.ActiveCfg = Debug|Any CPU
		{42E9EDD4-4A91-4705-B259-67557CFD813A}.Debug|Any CPU.Build.0 = Debug|Any CPU
		{42E9EDD4-4A91-4705-B259-67557CFD813A}.Release|Any CPU.ActiveCfg = Release|Any CPU
		{42E9EDD4-4A91-4705-B259-67557CFD813A}.Release|Any CPU.Build.0 = Release|Any CPU
	EndGlobalSection
	GlobalSection(SolutionProperties) = preSolution
		HideSolutionNode = FALSE
	EndGlobalSection
	GlobalSection(ExtensibilityGlobals) = postSolution
		SolutionGuid = {C2E1C674-4113-4D29-80AF-6B98A0953C27}
	EndGlobalSection
EndGlobal
